
Microsoft Visual Studio Solution File, Format Version 12.00
# Visual Studio Version 16
VisualStudioVersion = 16.0.30114.105
MinimumVisualStudioVersion = 10.0.40219.1
Project("{FAE04EC0-301F-11D3-BF4B-00C04F79EFBC}") = "Encoder", "Encoder\Encoder.csproj", "{0CC2F9CF-91C5-4F96-A7FA-B22C8CFF7C50}"
EndProject
Global
	GlobalSection(SolutionConfigurationPlatforms) = preSolution
		Debug|Any CPU = Debug|Any CPU
		Release|Any CPU = Release|Any CPU
	EndGlobalSection
	GlobalSection(ProjectConfigurationPlatforms) = postSolution
		{0CC2F9CF-91C5-4F96-A7FA-B22C8CFF7C50}.Debug|Any CPU.ActiveCfg = Debug|Any CPU
		{0CC2F9CF-91C5-4F96-A7FA-B22C8CFF7C50}.Debug|Any CPU.Build.0 = Debug|Any CPU
		{0CC2F9CF-91C5-4F96-A7FA-B22C8CFF7C50}.Release|Any CPU.ActiveCfg = Release|Any CPU
		{0CC2F9CF-91C5-4F96-A7FA-B22C8CFF7C50}.Release|Any CPU.Build.0 = Release|Any CPU
	EndGlobalSection
	GlobalSection(SolutionProperties) = preSolution
		HideSolutionNode = FALSE
	EndGlobalSection
	GlobalSection(ExtensibilityGlobals) = postSolution
		SolutionGuid = {7B174B57-5DE4-4F1D-BD06-00C2B001D85E}
	EndGlobalSection
EndGlobal
